
Microsoft Visual Studio Solution File, Format Version 12.00
# Visual Studio Version 16
VisualStudioVersion = 16.0.32228.343
MinimumVisualStudioVersion = 10.0.40219.1
Project("{8BC9CEB8-8B4A-11D0-8D11-00A0C91BC942}") = "PenBrushDemo", "PenBrushDemo.vcxproj", "{191CE87B-9F7B-4DFB-A703-75D5F779C980}"
EndProject
Global
	GlobalSection(SolutionConfigurationPlatforms) = preSolution
		Debug|x64 = Debug|x64
		Debug|x86 = Debug|x86
		Release|x64 = Release|x64
		Release|x86 = Release|x86
	EndGlobalSection
	GlobalSection(ProjectConfigurationPlatforms) = postSolution
		{191CE87B-9F7B-4DFB-A703-75D5F779C980}.Debug|x64.ActiveCfg = Debug|x64
		{191CE87B-9F7B-4DFB-A703-75D5F779C980}.Debug|x64.Build.0 = Debug|x64
		{191CE87B-9F7B-4DFB-A703-75D5F779C980}.Debug|x86.ActiveCfg = Debug|Win32
		{191CE87B-9F7B-4DFB-A703-75D5F779C980}.Debug|x86.Build.0 = Debug|Win32
		{191CE87B-9F7B-4DFB-A703-75D5F779C980}.Release|x64.ActiveCfg = Release|x64
		{191CE87B-9F7B-4DFB-A703-75D5F779C980}.Release|x64.Build.0 = Release|x64
		{191CE87B-9F7B-4DFB-A703-75D5F779C980}.Release|x86.ActiveCfg = Release|Win32
		{191CE87B-9F7B-4DFB-A703-75D5F779C980}.Release|x86.Build.0 = Release|Win32
	EndGlobalSection
	GlobalSection(SolutionProperties) = preSolution
		HideSolutionNode = FALSE
	EndGlobalSection
	GlobalSection(ExtensibilityGlobals) = postSolution
		SolutionGuid = {E63DFF9F-9FB3-4CF3-83B6-DFBC1B3BEB6B}
	EndGlobalSection
EndGlobal
